
Microsoft Visual Studio Solution File, Format Version 12.00
# Visual Studio Version 17
VisualStudioVersion = 17.0.31903.59
MinimumVisualStudioVersion = 10.0.40219.1
Project("{FAE04EC0-301F-11D3-BF4B-00C04F79EFBC}") = "Practice.Services", "Practice.Services\Practice.Services.csproj", "{58596E50-0E13-4EAD-89A2-FD0D42AC5C2D}"
EndProject
Project("{FAE04EC0-301F-11D3-BF4B-00C04F79EFBC}") = "Practice.Runner", "Practice.Runner\Practice.Runner.csproj", "{DA193890-FC58-40E9-86D8-968E489296F1}"
EndProject
Project("{FAE04EC0-301F-11D3-BF4B-00C04F79EFBC}") = "Practice.Tests", "Practice.Tests\Practice.Tests.csproj", "{D87880A1-7FC4-44C5-9552-0589979D3CAF}"
EndProject
Project("{FAE04EC0-301F-11D3-BF4B-00C04F79EFBC}") = "Practice.Data", "Practice.Data\Practice.Data.csproj", "{D686D997-3FCD-4A83-B8DA-72DC1ECE4817}"
EndProject
Project("{2150E333-8FDC-42A3-9474-1A3956D46DE8}") = "Solution Files", "Solution Files", "{02EA681E-C7D8-13C7-8484-4AC65E1B71E8}"
	ProjectSection(SolutionItems) = preProject
		practice.db = practice.db
	EndProjectSection
EndProject
Global
	GlobalSection(SolutionConfigurationPlatforms) = preSolution
		Debug|Any CPU = Debug|Any CPU
		Debug|x64 = Debug|x64
		Debug|x86 = Debug|x86
		Release|Any CPU = Release|Any CPU
		Release|x64 = Release|x64
		Release|x86 = Release|x86
	EndGlobalSection
	GlobalSection(ProjectConfigurationPlatforms) = postSolution
		{58596E50-0E13-4EAD-89A2-FD0D42AC5C2D}.Debug|Any CPU.ActiveCfg = Debug|Any CPU
		{58596E50-0E13-4EAD-89A2-FD0D42AC5C2D}.Debug|Any CPU.Build.0 = Debug|Any CPU
		{58596E50-0E13-4EAD-89A2-FD0D42AC5C2D}.Debug|x64.ActiveCfg = Debug|Any CPU
		{58596E50-0E13-4EAD-89A2-FD0D42AC5C2D}.Debug|x64.Build.0 = Debug|Any CPU
		{58596E50-0E13-4EAD-89A2-FD0D42AC5C2D}.Debug|x86.ActiveCfg = Debug|Any CPU
		{58596E50-0E13-4EAD-89A2-FD0D42AC5C2D}.Debug|x86.Build.0 = Debug|Any CPU
		{58596E50-0E13-4EAD-89A2-FD0D42AC5C2D}.Release|Any CPU.ActiveCfg = Release|Any CPU
		{58596E50-0E13-4EAD-89A2-FD0D42AC5C2D}.Release|Any CPU.Build.0 = Release|Any CPU
		{58596E50-0E13-4EAD-89A2-FD0D42AC5C2D}.Release|x64.ActiveCfg = Release|Any CPU
		{58596E50-0E13-4EAD-89A2-FD0D42AC5C2D}.Release|x64.Build.0 = Release|Any CPU
		{58596E50-0E13-4EAD-89A2-FD0D42AC5C2D}.Release|x86.ActiveCfg = Release|Any CPU
		{58596E50-0E13-4EAD-89A2-FD0D42AC5C2D}.Release|x86.Build.0 = Release|Any CPU
		{DA193890-FC58-40E9-86D8-968E489296F1}.Debug|Any CPU.ActiveCfg = Debug|Any CPU
		{DA193890-FC58-40E9-86D8-968E489296F1}.Debug|Any CPU.Build.0 = Debug|Any CPU
		{DA193890-FC58-40E9-86D8-968E489296F1}.Debug|x64.ActiveCfg = Debug|Any CPU
		{DA193890-FC58-40E9-86D8-968E489296F1}.Debug|x64.Build.0 = Debug|Any CPU
		{DA193890-FC58-40E9-86D8-968E489296F1}.Debug|x86.ActiveCfg = Debug|Any CPU
		{DA193890-FC58-40E9-86D8-968E489296F1}.Debug|x86.Build.0 = Debug|Any CPU
		{DA193890-FC58-40E9-86D8-968E489296F1}.Release|Any CPU.ActiveCfg = Release|Any CPU
		{DA193890-FC58-40E9-86D8-968E489296F1}.Release|Any CPU.Build.0 = Release|Any CPU
		{DA193890-FC58-40E9-86D8-968E489296F1}.Release|x64.ActiveCfg = Release|Any CPU
		{DA193890-FC58-40E9-86D8-968E489296F1}.Release|x64.Build.0 = Release|Any CPU
		{DA193890-FC58-40E9-86D8-968E489296F1}.Release|x86.ActiveCfg = Release|Any CPU
		{DA193890-FC58-40E9-86D8-968E489296F1}.Release|x86.Build.0 = Release|Any CPU
		{D87880A1-7FC4-44C5-9552-0589979D3CAF}.Debug|Any CPU.ActiveCfg = Debug|Any CPU
		{D87880A1-7FC4-44C5-9552-0589979D3CAF}.Debug|Any CPU.Build.0 = Debug|Any CPU
		{D87880A1-7FC4-44C5-9552-0589979D3CAF}.Debug|x64.ActiveCfg = Debug|Any CPU
		{D87880A1-7FC4-44C5-9552-0589979D3CAF}.Debug|x64.Build.0 = Debug|Any CPU
		{D87880A1-7FC4-44C5-9552-0589979D3CAF}.Debug|x86.ActiveCfg = Debug|Any CPU
		{D87880A1-7FC4-44C5-9552-0589979D3CAF}.Debug|x86.Build.0 = Debug|Any CPU
		{D87880A1-7FC4-44C5-9552-0589979D3CAF}.Release|Any CPU.ActiveCfg = Release|Any CPU
		{D87880A1-7FC4-44C5-9552-0589979D3CAF}.Release|Any CPU.Build.0 = Release|Any CPU
		{D87880A1-7FC4-44C5-9552-0589979D3CAF}.Release|x64.ActiveCfg = Release|Any CPU
		{D87880A1-7FC4-44C5-9552-0589979D3CAF}.Release|x64.Build.0 = Release|Any CPU
		{D87880A1-7FC4-44C5-9552-0589979D3CAF}.Release|x86.ActiveCfg = Release|Any CPU
		{D87880A1-7FC4-44C5-9552-0589979D3CAF}.Release|x86.Build.0 = Release|Any CPU
		{D686D997-3FCD-4A83-B8DA-72DC1ECE4817}.Debug|Any CPU.ActiveCfg = Debug|Any CPU
		{D686D997-3FCD-4A83-B8DA-72DC1ECE4817}.Debug|Any CPU.Build.0 = Debug|Any CPU
		{D686D997-3FCD-4A83-B8DA-72DC1ECE4817}.Debug|x64.ActiveCfg = Debug|Any CPU
		{D686D997-3FCD-4A83-B8DA-72DC1ECE4817}.Debug|x64.Build.0 = Debug|Any CPU
		{D686D997-3FCD-4A83-B8DA-72DC1ECE4817}.Debug|x86.ActiveCfg = Debug|Any CPU
		{D686D997-3FCD-4A83-B8DA-72DC1ECE4817}.Debug|x86.Build.0 = Debug|Any CPU
		{D686D997-3FCD-4A83-B8DA-72DC1ECE4817}.Release|Any CPU.ActiveCfg = Release|Any CPU
		{D686D997-3FCD-4A83-B8DA-72DC1ECE4817}.Release|Any CPU.Build.0 = Release|Any CPU
		{D686D997-3FCD-4A83-B8DA-72DC1ECE4817}.Release|x64.ActiveCfg = Release|Any CPU
		{D686D997-3FCD-4A83-B8DA-72DC1ECE4817}.Release|x64.Build.0 = Release|Any CPU
		{D686D997-3FCD-4A83-B8DA-72DC1ECE4817}.Release|x86.ActiveCfg = Release|Any CPU
		{D686D997-3FCD-4A83-B8DA-72DC1ECE4817}.Release|x86.Build.0 = Release|Any CPU
	EndGlobalSection
	GlobalSection(SolutionProperties) = preSolution
		HideSolutionNode = FALSE
	EndGlobalSection
	GlobalSection(ExtensibilityGlobals) = postSolution
		SolutionGuid = {1207F71E-2416-4B8A-A259-139199D58152}
	EndGlobalSection
EndGlobal
